
Microsoft Visual Studio Solution File, Format Version 12.00
# Visual Studio 15
VisualStudioVersion = 15.0.28307.421
MinimumVisualStudioVersion = 10.0.40219.1
Project("{FAE04EC0-301F-11D3-BF4B-00C04F79EFBC}") = "WFRR", "WFRR\WFRR.csproj", "{E7B38EB9-0FE2-4721-B5FA-E85B81191D4F}"
EndProject
Project("{FAE04EC0-301F-11D3-BF4B-00C04F79EFBC}") = "RegHook", "RegHook\RegHook.csproj", "{36412C58-2898-4E83-8525-387A0BDC2BEC}"
EndProject
Project("{FAE04EC0-301F-11D3-BF4B-00C04F79EFBC}") = "FSHook", "FSHook\FSHook.csproj", "{CCB51DE7-7141-4091-949C-558CB373FB75}"
EndProject
Project("{FAE04EC0-301F-11D3-BF4B-00C04F79EFBC}") = "WFRRTest", "WFRRTest\WFRRTest.csproj", "{BA2D8EC0-13F0-4C03-864C-E3193377D0D3}"
EndProject
Global
	GlobalSection(SolutionConfigurationPlatforms) = preSolution
		Debug|x64 = Debug|x64
		Debug|x86 = Debug|x86
		Release|x64 = Release|x64
		Release|x86 = Release|x86
	EndGlobalSection
	GlobalSection(ProjectConfigurationPlatforms) = postSolution
		{E7B38EB9-0FE2-4721-B5FA-E85B81191D4F}.Debug|x64.ActiveCfg = Debug|x64
		{E7B38EB9-0FE2-4721-B5FA-E85B81191D4F}.Debug|x64.Build.0 = Debug|x64
		{E7B38EB9-0FE2-4721-B5FA-E85B81191D4F}.Debug|x86.ActiveCfg = Debug|x86
		{E7B38EB9-0FE2-4721-B5FA-E85B81191D4F}.Debug|x86.Build.0 = Debug|x86
		{E7B38EB9-0FE2-4721-B5FA-E85B81191D4F}.Release|x64.ActiveCfg = Release|x64
		{E7B38EB9-0FE2-4721-B5FA-E85B81191D4F}.Release|x64.Build.0 = Release|x64
		{E7B38EB9-0FE2-4721-B5FA-E85B81191D4F}.Release|x86.ActiveCfg = Release|x86
		{E7B38EB9-0FE2-4721-B5FA-E85B81191D4F}.Release|x86.Build.0 = Release|x86
		{36412C58-2898-4E83-8525-387A0BDC2BEC}.Debug|x64.ActiveCfg = Debug|x64
		{36412C58-2898-4E83-8525-387A0BDC2BEC}.Debug|x64.Build.0 = Debug|x64
		{36412C58-2898-4E83-8525-387A0BDC2BEC}.Debug|x86.ActiveCfg = Debug|x86
		{36412C58-2898-4E83-8525-387A0BDC2BEC}.Debug|x86.Build.0 = Debug|x86
		{36412C58-2898-4E83-8525-387A0BDC2BEC}.Release|x64.ActiveCfg = Release|x64
		{36412C58-2898-4E83-8525-387A0BDC2BEC}.Release|x64.Build.0 = Release|x64
		{36412C58-2898-4E83-8525-387A0BDC2BEC}.Release|x86.ActiveCfg = Release|x86
		{36412C58-2898-4E83-8525-387A0BDC2BEC}.Release|x86.Build.0 = Release|x86
		{CCB51DE7-7141-4091-949C-558CB373FB75}.Debug|x64.ActiveCfg = Debug|x64
		{CCB51DE7-7141-4091-949C-558CB373FB75}.Debug|x64.Build.0 = Debug|x64
		{CCB51DE7-7141-4091-949C-558CB373FB75}.Debug|x86.ActiveCfg = Debug|x86
		{CCB51DE7-7141-4091-949C-558CB373FB75}.Debug|x86.Build.0 = Debug|x86
		{CCB51DE7-7141-4091-949C-558CB373FB75}.Release|x64.ActiveCfg = Release|x64
		{CCB51DE7-7141-4091-949C-558CB373FB75}.Release|x64.Build.0 = Release|x64
		{CCB51DE7-7141-4091-949C-558CB373FB75}.Release|x86.ActiveCfg = Release|x86
		{CCB51DE7-7141-4091-949C-558CB373FB75}.Release|x86.Build.0 = Release|x86
		{BA2D8EC0-13F0-4C03-864C-E3193377D0D3}.Debug|x64.ActiveCfg = Debug|x64
		{BA2D8EC0-13F0-4C03-864C-E3193377D0D3}.Debug|x64.Build.0 = Debug|x64
		{BA2D8EC0-13F0-4C03-864C-E3193377D0D3}.Debug|x86.ActiveCfg = Debug|x86
		{BA2D8EC0-13F0-4C03-864C-E3193377D0D3}.Debug|x86.Build.0 = Debug|x86
		{BA2D8EC0-13F0-4C03-864C-E3193377D0D3}.Release|x64.ActiveCfg = Release|x64
		{BA2D8EC0-13F0-4C03-864C-E3193377D0D3}.Release|x64.Build.0 = Release|x64
		{BA2D8EC0-13F0-4C03-864C-E3193377D0D3}.Release|x86.ActiveCfg = Release|x86
		{BA2D8EC0-13F0-4C03-864C-E3193377D0D3}.Release|x86.Build.0 = Release|x86
	EndGlobalSection
	GlobalSection(SolutionProperties) = preSolution
		HideSolutionNode = FALSE
	EndGlobalSection
EndGlobal
